
Microsoft Visual Studio Solution File, Format Version 12.00
# Visual Studio Version 16
VisualStudioVersion = 16.0.33214.272
MinimumVisualStudioVersion = 10.0.40219.1
Project("{FAE04EC0-301F-11D3-BF4B-00C04F79EFBC}") = "EmployeCRUD_scalfolding", "EmployeCRUD_scalfolding\EmployeCRUD_scalfolding.csproj", "{C12552E4-8953-4D3B-82D2-4F44EAE39A98}"
EndProject
Global
	GlobalSection(SolutionConfigurationPlatforms) = preSolution
		Debug|Any CPU = Debug|Any CPU
		Release|Any CPU = Release|Any CPU
	EndGlobalSection
	GlobalSection(ProjectConfigurationPlatforms) = postSolution
		{C12552E4-8953-4D3B-82D2-4F44EAE39A98}.Debug|Any CPU.ActiveCfg = Debug|Any CPU
		{C12552E4-8953-4D3B-82D2-4F44EAE39A98}.Debug|Any CPU.Build.0 = Debug|Any CPU
		{C12552E4-8953-4D3B-82D2-4F44EAE39A98}.Release|Any CPU.ActiveCfg = Release|Any CPU
		{C12552E4-8953-4D3B-82D2-4F44EAE39A98}.Release|Any CPU.Build.0 = Release|Any CPU
	EndGlobalSection
	GlobalSection(SolutionProperties) = preSolution
		HideSolutionNode = FALSE
	EndGlobalSection
	GlobalSection(ExtensibilityGlobals) = postSolution
		SolutionGuid = {4A259D84-C42B-493C-BED4-A34A64A424AC}
	EndGlobalSection
EndGlobal
